{
  "name": "shiny-spork",
  "version": "1.0.0",
  "lockfileVersion": 3,
  "requires": true,
  "packages": {
    "": {
      "name": "shiny-spork",
      "version": "1.0.0",
      "license": "LGPL-3.0-or-later",
      "dependencies": {
        "ts-results": "^3.3.0"
      }
    },
    "node_modules/ts-results": {
      "version": "3.3.0",
      "resolved": "https://registry.npmjs.org/ts-results/-/ts-results-3.3.0.tgz",
      "integrity": "sha512-FWqxGX2NHp5oCyaMd96o2y2uMQmSu8Dey6kvyuFdRJ2AzfmWo3kWa4UsPlCGlfQ/qu03m09ZZtppMoY8EMHuiA=="
    }
  }
}
